
Microsoft Visual Studio Solution File, Format Version 12.00
# Visual Studio Version 17
VisualStudioVersion = 17.6.33815.320
MinimumVisualStudioVersion = 10.0.40219.1
Project("{FAE04EC0-301F-11D3-BF4B-00C04F79EFBC}") = "BariStop", "BariStop\BariStop.csproj", "{FEE739AF-F946-46D1-93AA-56CE28BC6555}"
EndProject
Project("{FAE04EC0-301F-11D3-BF4B-00C04F79EFBC}") = "BariStop.Data", "BariStop.Data\BariStop.Data.csproj", "{96EC5CF1-5618-46D1-8230-2C74006FBA1A}"
EndProject
Global
	GlobalSection(SolutionConfigurationPlatforms) = preSolution
		Debug|Any CPU = Debug|Any CPU
		Release|Any CPU = Release|Any CPU
	EndGlobalSection
	GlobalSection(ProjectConfigurationPlatforms) = postSolution
		{FEE739AF-F946-46D1-93AA-56CE28BC6555}.Debug|Any CPU.ActiveCfg = Debug|Any CPU
		{FEE739AF-F946-46D1-93AA-56CE28BC6555}.Debug|Any CPU.Build.0 = Debug|Any CPU
		{FEE739AF-F946-46D1-93AA-56CE28BC6555}.Release|Any CPU.ActiveCfg = Release|Any CPU
		{FEE739AF-F946-46D1-93AA-56CE28BC6555}.Release|Any CPU.Build.0 = Release|Any CPU
		{96EC5CF1-5618-46D1-8230-2C74006FBA1A}.Debug|Any CPU.ActiveCfg = Debug|Any CPU
		{96EC5CF1-5618-46D1-8230-2C74006FBA1A}.Debug|Any CPU.Build.0 = Debug|Any CPU
		{96EC5CF1-5618-46D1-8230-2C74006FBA1A}.Release|Any CPU.ActiveCfg = Release|Any CPU
		{96EC5CF1-5618-46D1-8230-2C74006FBA1A}.Release|Any CPU.Build.0 = Release|Any CPU
	EndGlobalSection
	GlobalSection(SolutionProperties) = preSolution
		HideSolutionNode = FALSE
	EndGlobalSection
	GlobalSection(ExtensibilityGlobals) = postSolution
		SolutionGuid = {55ADAE74-5D1E-491D-B9A3-9727258EC01E}
	EndGlobalSection
EndGlobal
